// !$*UTF8*$!
{
	archiveVersion = 1;
	classes = {
	};
	objectVersion = 50;
	objects = {

/* Begin PBXBuildFile section */
		A03F9A632660FC9D00785EC9 /* AppDelegate.swift in Sources */ = {isa = PBXBuildFile; fileRef = A03F9A622660FC9D00785EC9 /* AppDelegate.swift */; };
		A03F9A652660FC9D00785EC9 /* SceneDelegate.swift in Sources */ = {isa = PBXBuildFile; fileRef = A03F9A642660FC9D00785EC9 /* SceneDelegate.swift */; };
		A03F9A672660FC9D00785EC9 /* ViewController.swift in Sources */ = {isa = PBXBuildFile; fileRef = A03F9A662660FC9D00785EC9 /* ViewController.swift */; };
		A03F9A6A2660FC9D00785EC9 /* Main.storyboard in Resources */ = {isa = PBXBuildFile; fileRef = A03F9A682660FC9D00785EC9 /* Main.storyboard */; };
		A03F9A6C2660FC9E00785EC9 /* Assets.xcassets in Resources */ = {isa = PBXBuildFile; fileRef = A03F9A6B2660FC9E00785EC9 /* Assets.xcassets */; };
		A03F9A6F2660FC9E00785EC9 /* LaunchScreen.storyboard in Resources */ = {isa = PBXBuildFile; fileRef = A03F9A6D2660FC9E00785EC9 /* LaunchScreen.storyboard */; };
		A03F9A772660FD8E00785EC9 /* SomeProtocol.swift in Sources */ = {isa = PBXBuildFile; fileRef = A03F9A762660FD8E00785EC9 /* SomeProtocol.swift */; };
		A03F9A7C26612A3200785EC9 /* TextValue.swift in Sources */ = {isa = PBXBuildFile; fileRef = A03F9A7B26612A3200785EC9 /* TextValue.swift */; };
		A03F9A7F26612A6C00785EC9 /* TextValueRepository.swift in Sources */ = {isa = PBXBuildFile; fileRef = A03F9A7E26612A6C00785EC9 /* TextValueRepository.swift */; };
		A03F9A8326612B9B00785EC9 /* ViewModel.swift in Sources */ = {isa = PBXBuildFile; fileRef = A03F9A8226612B9B00785EC9 /* ViewModel.swift */; };
/* End PBXBuildFile section */

/* Begin PBXFileReference section */
		A03F9A5F2660FC9D00785EC9 /* TestAppDemo.app */ = {isa = PBXFileReference; explicitFileType = wrapper.application; includeInIndex = 0; path = TestAppDemo.app; sourceTree = BUILT_PRODUCTS_DIR; };
		A03F9A622660FC9D00785EC9 /* AppDelegate.swift */ = {isa = PBXFileReference; lastKnownFileType = sourcecode.swift; path = AppDelegate.swift; sourceTree = "<group>"; };
		A03F9A642660FC9D00785EC9 /* SceneDelegate.swift */ = {isa = PBXFileReference; lastKnownFileType = sourcecode.swift; path = SceneDelegate.swift; sourceTree = "<group>"; };
		A03F9A662660FC9D00785EC9 /* ViewController.swift */ = {isa = PBXFileReference; lastKnownFileType = sourcecode.swift; path = ViewController.swift; sourceTree = "<group>"; };
		A03F9A692660FC9D00785EC9 /* Base */ = {isa = PBXFileReference; lastKnownFileType = file.storyboard; name = Base; path = Base.lproj/Main.storyboard; sourceTree = "<group>"; };
		A03F9A6B2660FC9E00785EC9 /* Assets.xcassets */ = {isa = PBXFileReference; lastKnownFileType = folder.assetcatalog; path = Assets.xcassets; sourceTree = "<group>"; };
		A03F9A6E2660FC9E00785EC9 /* Base */ = {isa = PBXFileReference; lastKnownFileType = file.storyboard; name = Base; path = Base.lproj/LaunchScreen.storyboard; sourceTree = "<group>"; };
		A03F9A702660FC9E00785EC9 /* Info.plist */ = {isa = PBXFileReference; lastKnownFileType = text.plist.xml; path = Info.plist; sourceTree = "<group>"; };
		A03F9A762660FD8E00785EC9 /* SomeProtocol.swift */ = {isa = PBXFileReference; lastKnownFileType = sourcecode.swift; path = SomeProtocol.swift; sourceTree = "<group>"; };
		A03F9A7B26612A3200785EC9 /* TextValue.swift */ = {isa = PBXFileReference; lastKnownFileType = sourcecode.swift; path = TextValue.swift; sourceTree = "<group>"; };
		A03F9A7E26612A6C00785EC9 /* TextValueRepository.swift */ = {isa = PBXFileReference; lastKnownFileType = sourcecode.swift; path = TextValueRepository.swift; sourceTree = "<group>"; };
		A03F9A8226612B9B00785EC9 /* ViewModel.swift */ = {isa = PBXFileReference; lastKnownFileType = sourcecode.swift; path = ViewModel.swift; sourceTree = "<group>"; };
/* End PBXFileReference section */

/* Begin PBXFrameworksBuildPhase section */
		A03F9A5C2660FC9D00785EC9 /* Frameworks */ = {
			isa = PBXFrameworksBuildPhase;
			buildActionMask = 2147483647;
			files = (
			);
			runOnlyForDeploymentPostprocessing = 0;
		};
/* End PBXFrameworksBuildPhase section */

/* Begin PBXGroup section */
		A03F9A562660FC9D00785EC9 = {
			isa = PBXGroup;
			children = (
				A03F9A612660FC9D00785EC9 /* TestAppDemo */,
				A03F9A602660FC9D00785EC9 /* Products */,
			);
			sourceTree = "<group>";
		};
		A03F9A602660FC9D00785EC9 /* Products */ = {
			isa = PBXGroup;
			children = (
				A03F9A5F2660FC9D00785EC9 /* TestAppDemo.app */,
			);
			name = Products;
			sourceTree = "<group>";
		};
		A03F9A612660FC9D00785EC9 /* TestAppDemo */ = {
			isa = PBXGroup;
			children = (
				A03F9A8026612B7600785EC9 /* Screens */,
				A03F9A7D26612A5A00785EC9 /* Repositories */,
				A03F9A7A26612A1F00785EC9 /* Models */,
				A03F9A622660FC9D00785EC9 /* AppDelegate.swift */,
				A03F9A642660FC9D00785EC9 /* SceneDelegate.swift */,
				A03F9A682660FC9D00785EC9 /* Main.storyboard */,
				A03F9A6B2660FC9E00785EC9 /* Assets.xcassets */,
				A03F9A6D2660FC9E00785EC9 /* LaunchScreen.storyboard */,
				A03F9A702660FC9E00785EC9 /* Info.plist */,
				A03F9A762660FD8E00785EC9 /* SomeProtocol.swift */,
			);
			path = TestAppDemo;
			sourceTree = "<group>";
		};
		A03F9A7A26612A1F00785EC9 /* Models */ = {
			isa = PBXGroup;
			children = (
				A03F9A7B26612A3200785EC9 /* TextValue.swift */,
			);
			path = Models;
			sourceTree = "<group>";
		};
		A03F9A7D26612A5A00785EC9 /* Repositories */ = {
			isa = PBXGroup;
			children = (
				A03F9A7E26612A6C00785EC9 /* TextValueRepository.swift */,
			);
			path = Repositories;
			sourceTree = "<group>";
		};
		A03F9A8026612B7600785EC9 /* Screens */ = {
			isa = PBXGroup;
			children = (
				A03F9A8126612B7E00785EC9 /* SendTextScreen */,
			);
			path = Screens;
			sourceTree = "<group>";
		};
		A03F9A8126612B7E00785EC9 /* SendTextScreen */ = {
			isa = PBXGroup;
			children = (
				A03F9A662660FC9D00785EC9 /* ViewController.swift */,
				A03F9A8226612B9B00785EC9 /* ViewModel.swift */,
			);
			path = SendTextScreen;
			sourceTree = "<group>";
		};
/* End PBXGroup section */

/* Begin PBXNativeTarget section */
		A03F9A5E2660FC9D00785EC9 /* TestAppDemo */ = {
			isa = PBXNativeTarget;
			buildConfigurationList = A03F9A732660FC9E00785EC9 /* Build configuration list for PBXNativeTarget "TestAppDemo" */;
			buildPhases = (
				A03F9A5B2660FC9D00785EC9 /* Sources */,
				A03F9A5C2660FC9D00785EC9 /* Frameworks */,
				A03F9A5D2660FC9D00785EC9 /* Resources */,
			);
			buildRules = (
			);
			dependencies = (
			);
			name = TestAppDemo;
			productName = TestAppDemo;
			productReference = A03F9A5F2660FC9D00785EC9 /* TestAppDemo.app */;
			productType = "com.apple.product-type.application";
		};
/* End PBXNativeTarget section */

/* Begin PBXProject section */
		A03F9A572660FC9D00785EC9 /* Project object */ = {
			isa = PBXProject;
			attributes = {
				LastSwiftUpdateCheck = 1250;
				LastUpgradeCheck = 1250;
				TargetAttributes = {
					A03F9A5E2660FC9D00785EC9 = {
						CreatedOnToolsVersion = 12.5;
					};
				};
			};
			buildConfigurationList = A03F9A5A2660FC9D00785EC9 /* Build configuration list for PBXProject "TestAppDemo" */;
			compatibilityVersion = "Xcode 9.3";
			developmentRegion = en;
			hasScannedForEncodings = 0;
			knownRegions = (
				en,
				Base,
			);
			mainGroup = A03F9A562660FC9D00785EC9;
			productRefGroup = A03F9A602660FC9D00785EC9 /* Products */;
			projectDirPath = "";
			projectRoot = "";
			targets = (
				A03F9A5E2660FC9D00785EC9 /* TestAppDemo */,
			);
		};
/* End PBXProject section */

/* Begin PBXResourcesBuildPhase section */
		A03F9A5D2660FC9D00785EC9 /* Resources */ = {
			isa = PBXResourcesBuildPhase;
			buildActionMask = 2147483647;
			files = (
				A03F9A6F2660FC9E00785EC9 /* LaunchScreen.storyboard in Resources */,
				A03F9A6C2660FC9E00785EC9 /* Assets.xcassets in Resources */,
				A03F9A6A2660FC9D00785EC9 /* Main.storyboard in Resources */,
			);
			runOnlyForDeploymentPostprocessing = 0;
		};
/* End PBXResourcesBuildPhase section */

/* Begin PBXSourcesBuildPhase section */
		A03F9A5B2660FC9D00785EC9 /* Sources */ = {
			isa = PBXSourcesBuildPhase;
			buildActionMask = 2147483647;
			files = (
				A03F9A7C26612A3200785EC9 /* TextValue.swift in Sources */,
				A03F9A7F26612A6C00785EC9 /* TextValueRepository.swift in Sources */,
				A03F9A672660FC9D00785EC9 /* ViewController.swift in Sources */,
				A03F9A632660FC9D00785EC9 /* AppDelegate.swift in Sources */,
				A03F9A652660FC9D00785EC9 /* SceneDelegate.swift in Sources */,
				A03F9A8326612B9B00785EC9 /* ViewModel.swift in Sources */,
				A03F9A772660FD8E00785EC9 /* SomeProtocol.swift in Sources */,
			);
			runOnlyForDeploymentPostprocessing = 0;
		};
/* End PBXSourcesBuildPhase section */

/* Begin PBXVariantGroup section */
		A03F9A682660FC9D00785EC9 /* Main.storyboard */ = {
			isa = PBXVariantGroup;
			children = (
				A03F9A692660FC9D00785EC9 /* Base */,
			);
			name = Main.storyboard;
			sourceTree = "<group>";
		};
		A03F9A6D2660FC9E00785EC9 /* LaunchScreen.storyboard */ = {
			isa = PBXVariantGroup;
			children = (
				A03F9A6E2660FC9E00785EC9 /* Base */,
			);
			name = LaunchScreen.storyboard;
			sourceTree = "<group>";
		};
/* End PBXVariantGroup section */

/* Begin XCBuildConfiguration section */
		A03F9A712660FC9E00785EC9 /* Debug */ = {
			isa = XCBuildConfiguration;
			buildSettings = {
				ALWAYS_SEARCH_USER_PATHS = NO;
				CLANG_ANALYZER_NONNULL = YES;
				CLANG_ANALYZER_NUMBER_OBJECT_CONVERSION = YES_AGGRESSIVE;
				CLANG_CXX_LANGUAGE_STANDARD = "gnu++14";
				CLANG_CXX_LIBRARY = "libc++";
				CLANG_ENABLE_MODULES = YES;
				CLANG_ENABLE_OBJC_ARC = YES;
				CLANG_ENABLE_OBJC_WEAK = YES;
				CLANG_WARN_BLOCK_CAPTURE_AUTORELEASING = YES;
				CLANG_WARN_BOOL_CONVERSION = YES;
				CLANG_WARN_COMMA = YES;
				CLANG_WARN_CONSTANT_CONVERSION = YES;
				CLANG_WARN_DEPRECATED_OBJC_IMPLEMENTATIONS = YES;
				CLANG_WARN_DIRECT_OBJC_ISA_USAGE = YES_ERROR;
				CLANG_WARN_DOCUMENTATION_COMMENTS = YES;
				CLANG_WARN_EMPTY_BODY = YES;
				CLANG_WARN_ENUM_CONVERSION = YES;
				CLANG_WARN_INFINITE_RECURSION = YES;
				CLANG_WARN_INT_CONVERSION = YES;
				CLANG_WARN_NON_LITERAL_NULL_CONVERSION = YES;
				CLANG_WARN_OBJC_IMPLICIT_RETAIN_SELF = YES;
				CLANG_WARN_OBJC_LITERAL_CONVERSION = YES;
				CLANG_WARN_OBJC_ROOT_CLASS = YES_ERROR;
				CLANG_WARN_QUOTED_INCLUDE_IN_FRAMEWORK_HEADER = YES;
				CLANG_WARN_RANGE_LOOP_ANALYSIS = YES;
				CLANG_WARN_STRICT_PROTOTYPES = YES;
				CLANG_WARN_SUSPICIOUS_MOVE = YES;
				CLANG_WARN_UNGUARDED_AVAILABILITY = YES_AGGRESSIVE;
				CLANG_WARN_UNREACHABLE_CODE = YES;
				CLANG_WARN__DUPLICATE_METHOD_MATCH = YES;
				COPY_PHASE_STRIP = NO;
				DEBUG_INFORMATION_FORMAT = dwarf;
				ENABLE_STRICT_OBJC_MSGSEND = YES;
				ENABLE_TESTABILITY = YES;
				GCC_C_LANGUAGE_STANDARD = gnu11;
				GCC_DYNAMIC_NO_PIC = NO;
				GCC_NO_COMMON_BLOCKS = YES;
				GCC_OPTIMIZATION_LEVEL = 0;
				GCC_PREPROCESSOR_DEFINITIONS = (
					"DEBUG=1",
					"$(inherited)",
				);
				GCC_WARN_64_TO_32_BIT_CONVERSION = YES;
				GCC_WARN_ABOUT_RETURN_TYPE = YES_ERROR;
				GCC_WARN_UNDECLARED_SELECTOR = YES;
				GCC_WARN_UNINITIALIZED_AUTOS = YES_AGGRESSIVE;
				GCC_WARN_UNUSED_FUNCTION = YES;
				GCC_WARN_UNUSED_VARIABLE = YES;
				IPHONEOS_DEPLOYMENT_TARGET = 14.5;
				MTL_ENABLE_DEBUG_INFO = INCLUDE_SOURCE;
				MTL_FAST_MATH = YES;
				ONLY_ACTIVE_ARCH = YES;
				SDKROOT = iphoneos;
				SWIFT_ACTIVE_COMPILATION_CONDITIONS = DEBUG;
				SWIFT_OPTIMIZATION_LEVEL = "-Onone";
			};
			name = Debug;
		};
		A03F9A722660FC9E00785EC9 /* Release */ = {
			isa = XCBuildConfiguration;
			buildSettings = {
				ALWAYS_SEARCH_USER_PATHS = NO;
				CLANG_ANALYZER_NONNULL = YES;
				CLANG_ANALYZER_NUMBER_OBJECT_CONVERSION = YES_AGGRESSIVE;
				CLANG_CXX_LANGUAGE_STANDARD = "gnu++14";
				CLANG_CXX_LIBRARY = "libc++";
				CLANG_ENABLE_MODULES = YES;
				CLANG_ENABLE_OBJC_ARC = YES;
				CLANG_ENABLE_OBJC_WEAK = YES;
				CLANG_WARN_BLOCK_CAPTURE_AUTORELEASING = YES;
				CLANG_WARN_BOOL_CONVERSION = YES;
				CLANG_WARN_COMMA = YES;
				CLANG_WARN_CONSTANT_CONVERSION = YES;
				CLANG_WARN_DEPRECATED_OBJC_IMPLEMENTATIONS = YES;
				CLANG_WARN_DIRECT_OBJC_ISA_USAGE = YES_ERROR;
				CLANG_WARN_DOCUMENTATION_COMMENTS = YES;
				CLANG_WARN_EMPTY_BODY = YES;
				CLANG_WARN_ENUM_CONVERSION = YES;
				CLANG_WARN_INFINITE_RECURSION = YES;
				CLANG_WARN_INT_CONVERSION = YES;
				CLANG_WARN_NON_LITERAL_NULL_CONVERSION = YES;
				CLANG_WARN_OBJC_IMPLICIT_RETAIN_SELF = YES;
				CLANG_WARN_OBJC_LITERAL_CONVERSION = YES;
				CLANG_WARN_OBJC_ROOT_CLASS = YES_ERROR;
				CLANG_WARN_QUOTED_INCLUDE_IN_FRAMEWORK_HEADER = YES;
				CLANG_WARN_RANGE_LOOP_ANALYSIS = YES;
				CLANG_WARN_STRICT_PROTOTYPES = YES;
				CLANG_WARN_SUSPICIOUS_MOVE = YES;
				CLANG_WARN_UNGUARDED_AVAILABILITY = YES_AGGRESSIVE;
				CLANG_WARN_UNREACHABLE_CODE = YES;
				CLANG_WARN__DUPLICATE_METHOD_MATCH = YES;
				COPY_PHASE_STRIP = NO;
				DEBUG_INFORMATION_FORMAT = "dwarf-with-dsym";
				ENABLE_NS_ASSERTIONS = NO;
				ENABLE_STRICT_OBJC_MSGSEND = YES;
				GCC_C_LANGUAGE_STANDARD = gnu11;
				GCC_NO_COMMON_BLOCKS = YES;
				GCC_WARN_64_TO_32_BIT_CONVERSION = YES;
				GCC_WARN_ABOUT_RETURN_TYPE = YES_ERROR;
				GCC_WARN_UNDECLARED_SELECTOR = YES;
				GCC_WARN_UNINITIALIZED_AUTOS = YES_AGGRESSIVE;
				GCC_WARN_UNUSED_FUNCTION = YES;
				GCC_WARN_UNUSED_VARIABLE = YES;
				IPHONEOS_DEPLOYMENT_TARGET = 14.5;
				MTL_ENABLE_DEBUG_INFO = NO;
				MTL_FAST_MATH = YES;
				SDKROOT = iphoneos;
				SWIFT_COMPILATION_MODE = wholemodule;
				SWIFT_OPTIMIZATION_LEVEL = "-O";
				VALIDATE_PRODUCT = YES;
			};
			name = Release;
		};
		A03F9A742660FC9E00785EC9 /* Debug */ = {
			isa = XCBuildConfiguration;
			buildSettings = {
				ASSETCATALOG_COMPILER_APPICON_NAME = AppIcon;
				ASSETCATALOG_COMPILER_GLOBAL_ACCENT_COLOR_NAME = AccentColor;
				CODE_SIGN_STYLE = Automatic;
				INFOPLIST_FILE = TestAppDemo/Info.plist;
				LD_RUNPATH_SEARCH_PATHS = (
					"$(inherited)",
					"@executable_path/Frameworks",
				);
				PRODUCT_BUNDLE_IDENTIFIER = com.appolica.TestAppDemo;
				PRODUCT_NAME = "$(TARGET_NAME)";
				SWIFT_VERSION = 5.0;
				TARGETED_DEVICE_FAMILY = "1,2";
			};
			name = Debug;
		};
		A03F9A752660FC9E00785EC9 /* Release */ = {
			isa = XCBuildConfiguration;
			buildSettings = {
				ASSETCATALOG_COMPILER_APPICON_NAME = AppIcon;
				ASSETCATALOG_COMPILER_GLOBAL_ACCENT_COLOR_NAME = AccentColor;
				CODE_SIGN_STYLE = Automatic;
				INFOPLIST_FILE = TestAppDemo/Info.plist;
				LD_RUNPATH_SEARCH_PATHS = (
					"$(inherited)",
					"@executable_path/Frameworks",
				);
				PRODUCT_BUNDLE_IDENTIFIER = com.appolica.TestAppDemo;
				PRODUCT_NAME = "$(TARGET_NAME)";
				SWIFT_VERSION = 5.0;
				TARGETED_DEVICE_FAMILY = "1,2";
			};
			name = Release;
		};
/* End XCBuildConfiguration section */

/* Begin XCConfigurationList section */
		A03F9A5A2660FC9D00785EC9 /* Build configuration list for PBXProject "TestAppDemo" */ = {
			isa = XCConfigurationList;
			buildConfigurations = (
				A03F9A712660FC9E00785EC9 /* Debug */,
				A03F9A722660FC9E00785EC9 /* Release */,
			);
			defaultConfigurationIsVisible = 0;
			defaultConfigurationName = Release;
		};
		A03F9A732660FC9E00785EC9 /* Build configuration list for PBXNativeTarget "TestAppDemo" */ = {
			isa = XCConfigurationList;
			buildConfigurations = (
				A03F9A742660FC9E00785EC9 /* Debug */,
				A03F9A752660FC9E00785EC9 /* Release */,
			);
			defaultConfigurationIsVisible = 0;
			defaultConfigurationName = Release;
		};
/* End XCConfigurationList section */
	};
	rootObject = A03F9A572660FC9D00785EC9 /* Project object */;
}
